
Microsoft Visual Studio Solution File, Format Version 12.00
# Visual Studio 14
VisualStudioVersion = 14.0.25420.1
MinimumVisualStudioVersion = 10.0.40219.1
Project("{FAE04EC0-301F-11D3-BF4B-00C04F79EFBC}") = "HelloXamarinForms.Android", "HelloXamarinForms\HelloXamarinForms.Android\HelloXamarinForms.Android.csproj", "{E4A94059-B21C-44F5-B357-BE3AE6736D49}"
EndProject
Project("{FAE04EC0-301F-11D3-BF4B-00C04F79EFBC}") = "HelloXamarinForms", "HelloXamarinForms\HelloXamarinForms\HelloXamarinForms.csproj", "{78613BF3-FD00-45F7-9D48-66DA0B84A850}"
EndProject
Project("{FAE04EC0-301F-11D3-BF4B-00C04F79EFBC}") = "HelloXamarinForms.UWP", "HelloXamarinForms\HelloXamarinForms.UWP\HelloXamarinForms.UWP.csproj", "{60CE1F29-CF19-4192-B493-BAACC7C1F418}"
EndProject
Project("{FAE04EC0-301F-11D3-BF4B-00C04F79EFBC}") = "HelloXamarinForms.iOS", "HelloXamarinForms\HelloXamarinForms.iOS\HelloXamarinForms.iOS.csproj", "{E3252CF4-650D-4F9B-9DD9-CB0193500FC8}"
EndProject
Global
	GlobalSection(SolutionConfigurationPlatforms) = preSolution
		Ad-Hoc|Any CPU = Ad-Hoc|Any CPU
		Ad-Hoc|ARM = Ad-Hoc|ARM
		Ad-Hoc|iPhone = Ad-Hoc|iPhone
		Ad-Hoc|iPhoneSimulator = Ad-Hoc|iPhoneSimulator
		Ad-Hoc|x64 = Ad-Hoc|x64
		Ad-Hoc|x86 = Ad-Hoc|x86
		AppStore|Any CPU = AppStore|Any CPU
		AppStore|ARM = AppStore|ARM
		AppStore|iPhone = AppStore|iPhone
		AppStore|iPhoneSimulator = AppStore|iPhoneSimulator
		AppStore|x64 = AppStore|x64
		AppStore|x86 = AppStore|x86
		Debug|Any CPU = Debug|Any CPU
		Debug|ARM = Debug|ARM
		Debug|iPhone = Debug|iPhone
		Debug|iPhoneSimulator = Debug|iPhoneSimulator
		Debug|x64 = Debug|x64
		Debug|x86 = Debug|x86
		Release|Any CPU = Release|Any CPU
		Release|ARM = Release|ARM
		Release|iPhone = Release|iPhone
		Release|iPhoneSimulator = Release|iPhoneSimulator
		Release|x64 = Release|x64
		Release|x86 = Release|x86
	EndGlobalSection
	GlobalSection(ProjectConfigurationPlatforms) = postSolution
		{E4A94059-B21C-44F5-B357-BE3AE6736D49}.Ad-Hoc|Any CPU.ActiveCfg = Release|Any CPU
		{E4A94059-B21C-44F5-B357-BE3AE6736D49}.Ad-Hoc|Any CPU.Build.0 = Release|Any CPU
		{E4A94059-B21C-44F5-B357-BE3AE6736D49}.Ad-Hoc|Any CPU.Deploy.0 = Release|Any CPU
		{E4A94059-B21C-44F5-B357-BE3AE6736D49}.Ad-Hoc|ARM.ActiveCfg = Release|Any CPU
		{E4A94059-B21C-44F5-B357-BE3AE6736D49}.Ad-Hoc|ARM.Build.0 = Release|Any CPU
		{E4A94059-B21C-44F5-B357-BE3AE6736D49}.Ad-Hoc|ARM.Deploy.0 = Release|Any CPU
		{E4A94059-B21C-44F5-B357-BE3AE6736D49}.Ad-Hoc|iPhone.ActiveCfg = Release|Any CPU
		{E4A94059-B21C-44F5-B357-BE3AE6736D49}.Ad-Hoc|iPhone.Build.0 = Release|Any CPU
		{E4A94059-B21C-44F5-B357-BE3AE6736D49}.Ad-Hoc|iPhone.Deploy.0 = Release|Any CPU
		{E4A94059-B21C-44F5-B357-BE3AE6736D49}.Ad-Hoc|iPhoneSimulator.ActiveCfg = Release|Any CPU
		{E4A94059-B21C-44F5-B357-BE3AE6736D49}.Ad-Hoc|iPhoneSimulator.Build.0 = Release|Any CPU
		{E4A94059-B21C-44F5-B357-BE3AE6736D49}.Ad-Hoc|iPhoneSimulator.Deploy.0 = Release|Any CPU
		{E4A94059-B21C-44F5-B357-BE3AE6736D49}.Ad-Hoc|x64.ActiveCfg = Release|Any CPU
		{E4A94059-B21C-44F5-B357-BE3AE6736D49}.Ad-Hoc|x64.Build.0 = Release|Any CPU
		{E4A94059-B21C-44F5-B357-BE3AE6736D49}.Ad-Hoc|x64.Deploy.0 = Release|Any CPU
		{E4A94059-B21C-44F5-B357-BE3AE6736D49}.Ad-Hoc|x86.ActiveCfg = Release|Any CPU
		{E4A94059-B21C-44F5-B357-BE3AE6736D49}.Ad-Hoc|x86.Build.0 = Release|Any CPU
		{E4A94059-B21C-44F5-B357-BE3AE6736D49}.Ad-Hoc|x86.Deploy.0 = Release|Any CPU
		{E4A94059-B21C-44F5-B357-BE3AE6736D49}.AppStore|Any CPU.ActiveCfg = Release|Any CPU
		{E4A94059-B21C-44F5-B357-BE3AE6736D49}.AppStore|Any CPU.Build.0 = Release|Any CPU
		{E4A94059-B21C-44F5-B357-BE3AE6736D49}.AppStore|Any CPU.Deploy.0 = Release|Any CPU
		{E4A94059-B21C-44F5-B357-BE3AE6736D49}.AppStore|ARM.ActiveCfg = Release|Any CPU
		{E4A94059-B21C-44F5-B357-BE3AE6736D49}.AppStore|ARM.Build.0 = Release|Any CPU
		{E4A94059-B21C-44F5-B357-BE3AE6736D49}.AppStore|ARM.Deploy.0 = Release|Any CPU
		{E4A94059-B21C-44F5-B357-BE3AE6736D49}.AppStore|iPhone.ActiveCfg = Release|Any CPU
		{E4A94059-B21C-44F5-B357-BE3AE6736D49}.AppStore|iPhone.Build.0 = Release|Any CPU
		{E4A94059-B21C-44F5-B357-BE3AE6736D49}.AppStore|iPhone.Deploy.0 = Release|Any CPU
		{E4A94059-B21C-44F5-B357-BE3AE6736D49}.AppStore|iPhoneSimulator.ActiveCfg = Release|Any CPU
		{E4A94059-B21C-44F5-B357-BE3AE6736D49}.AppStore|iPhoneSimulator.Build.0 = Release|Any CPU
		{E4A94059-B21C-44F5-B357-BE3AE6736D49}.AppStore|iPhoneSimulator.Deploy.0 = Release|Any CPU
		{E4A94059-B21C-44F5-B357-BE3AE6736D49}.AppStore|x64.ActiveCfg = Release|Any CPU
		{E4A94059-B21C-44F5-B357-BE3AE6736D49}.AppStore|x64.Build.0 = Release|Any CPU
		{E4A94059-B21C-44F5-B357-BE3AE6736D49}.AppStore|x64.Deploy.0 = Release|Any CPU
		{E4A94059-B21C-44F5-B357-BE3AE6736D49}.AppStore|x86.ActiveCfg = Release|Any CPU
		{E4A94059-B21C-44F5-B357-BE3AE6736D49}.AppStore|x86.Build.0 = Release|Any CPU
		{E4A94059-B21C-44F5-B357-BE3AE6736D49}.AppStore|x86.Deploy.0 = Release|Any CPU
		{E4A94059-B21C-44F5-B357-BE3AE6736D49}.Debug|Any CPU.ActiveCfg = Debug|Any CPU
		{E4A94059-B21C-44F5-B357-BE3AE6736D49}.Debug|Any CPU.Build.0 = Debug|Any CPU
		{E4A94059-B21C-44F5-B357-BE3AE6736D49}.Debug|Any CPU.Deploy.0 = Debug|Any CPU
		{E4A94059-B21C-44F5-B357-BE3AE6736D49}.Debug|ARM.ActiveCfg = Debug|Any CPU
		{E4A94059-B21C-44F5-B357-BE3AE6736D49}.Debug|ARM.Build.0 = Debug|Any CPU
		{E4A94059-B21C-44F5-B357-BE3AE6736D49}.Debug|ARM.Deploy.0 = Debug|Any CPU
		{E4A94059-B21C-44F5-B357-BE3AE6736D49}.Debug|iPhone.ActiveCfg = Debug|Any CPU
		{E4A94059-B21C-44F5-B357-BE3AE6736D49}.Debug|iPhone.Build.0 = Debug|Any CPU
		{E4A94059-B21C-44F5-B357-BE3AE6736D49}.Debug|iPhone.Deploy.0 = Debug|Any CPU
		{E4A94059-B21C-44F5-B357-BE3AE6736D49}.Debug|iPhoneSimulator.ActiveCfg = Debug|Any CPU
		{E4A94059-B21C-44F5-B357-BE3AE6736D49}.Debug|iPhoneSimulator.Build.0 = Debug|Any CPU
		{E4A94059-B21C-44F5-B357-BE3AE6736D49}.Debug|iPhoneSimulator.Deploy.0 = Debug|Any CPU
		{E4A94059-B21C-44F5-B357-BE3AE6736D49}.Debug|x64.ActiveCfg = Debug|Any CPU
		{E4A94059-B21C-44F5-B357-BE3AE6736D49}.Debug|x64.Build.0 = Debug|Any CPU
		{E4A94059-B21C-44F5-B357-BE3AE6736D49}.Debug|x64.Deploy.0 = Debug|Any CPU
		{E4A94059-B21C-44F5-B357-BE3AE6736D49}.Debug|x86.ActiveCfg = Debug|Any CPU
		{E4A94059-B21C-44F5-B357-BE3AE6736D49}.Debug|x86.Build.0 = Debug|Any CPU
		{E4A94059-B21C-44F5-B357-BE3AE6736D49}.Debug|x86.Deploy.0 = Debug|Any CPU
		{E4A94059-B21C-44F5-B357-BE3AE6736D49}.Release|Any CPU.ActiveCfg = Release|Any CPU
		{E4A94059-B21C-44F5-B357-BE3AE6736D49}.Release|Any CPU.Build.0 = Release|Any CPU
		{E4A94059-B21C-44F5-B357-BE3AE6736D49}.Release|Any CPU.Deploy.0 = Release|Any CPU
		{E4A94059-B21C-44F5-B357-BE3AE6736D49}.Release|ARM.ActiveCfg = Release|Any CPU
		{E4A94059-B21C-44F5-B357-BE3AE6736D49}.Release|ARM.Build.0 = Release|Any CPU
		{E4A94059-B21C-44F5-B357-BE3AE6736D49}.Release|ARM.Deploy.0 = Release|Any CPU
		{E4A94059-B21C-44F5-B357-BE3AE6736D49}.Release|iPhone.ActiveCfg = Release|Any CPU
		{E4A94059-B21C-44F5-B357-BE3AE6736D49}.Release|iPhone.Build.0 = Release|Any CPU
		{E4A94059-B21C-44F5-B357-BE3AE6736D49}.Release|iPhone.Deploy.0 = Release|Any CPU
		{E4A94059-B21C-44F5-B357-BE3AE6736D49}.Release|iPhoneSimulator.ActiveCfg = Release|Any CPU
		{E4A94059-B21C-44F5-B357-BE3AE6736D49}.Release|iPhoneSimulator.Build.0 = Release|Any CPU
		{E4A94059-B21C-44F5-B357-BE3AE6736D49}.Release|iPhoneSimulator.Deploy.0 = Release|Any CPU
		{E4A94059-B21C-44F5-B357-BE3AE6736D49}.Release|x64.ActiveCfg = Release|Any CPU
		{E4A94059-B21C-44F5-B357-BE3AE6736D49}.Release|x64.Build.0 = Release|Any CPU
		{E4A94059-B21C-44F5-B357-BE3AE6736D49}.Release|x64.Deploy.0 = Release|Any CPU
		{E4A94059-B21C-44F5-B357-BE3AE6736D49}.Release|x86.ActiveCfg = Release|Any CPU
		{E4A94059-B21C-44F5-B357-BE3AE6736D49}.Release|x86.Build.0 = Release|Any CPU
		{E4A94059-B21C-44F5-B357-BE3AE6736D49}.Release|x86.Deploy.0 = Release|Any CPU
		{78613BF3-FD00-45F7-9D48-66DA0B84A850}.Ad-Hoc|Any CPU.ActiveCfg = Release|Any CPU
		{78613BF3-FD00-45F7-9D48-66DA0B84A850}.Ad-Hoc|Any CPU.Build.0 = Release|Any CPU
		{78613BF3-FD00-45F7-9D48-66DA0B84A850}.Ad-Hoc|ARM.ActiveCfg = Release|Any CPU
		{78613BF3-FD00-45F7-9D48-66DA0B84A850}.Ad-Hoc|ARM.Build.0 = Release|Any CPU
		{78613BF3-FD00-45F7-9D48-66DA0B84A850}.Ad-Hoc|iPhone.ActiveCfg = Release|Any CPU
		{78613BF3-FD00-45F7-9D48-66DA0B84A850}.Ad-Hoc|iPhone.Build.0 = Release|Any CPU
		{78613BF3-FD00-45F7-9D48-66DA0B84A850}.Ad-Hoc|iPhoneSimulator.ActiveCfg = Release|Any CPU
		{78613BF3-FD00-45F7-9D48-66DA0B84A850}.Ad-Hoc|iPhoneSimulator.Build.0 = Release|Any CPU
		{78613BF3-FD00-45F7-9D48-66DA0B84A850}.Ad-Hoc|x64.ActiveCfg = Release|Any CPU
		{78613BF3-FD00-45F7-9D48-66DA0B84A850}.Ad-Hoc|x64.Build.0 = Release|Any CPU
		{78613BF3-FD00-45F7-9D48-66DA0B84A850}.Ad-Hoc|x86.ActiveCfg = Release|Any CPU
		{78613BF3-FD00-45F7-9D48-66DA0B84A850}.Ad-Hoc|x86.Build.0 = Release|Any CPU
		{78613BF3-FD00-45F7-9D48-66DA0B84A850}.AppStore|Any CPU.ActiveCfg = Release|Any CPU
		{78613BF3-FD00-45F7-9D48-66DA0B84A850}.AppStore|Any CPU.Build.0 = Release|Any CPU
		{78613BF3-FD00-45F7-9D48-66DA0B84A850}.AppStore|ARM.ActiveCfg = Release|Any CPU
		{78613BF3-FD00-45F7-9D48-66DA0B84A850}.AppStore|ARM.Build.0 = Release|Any CPU
		{78613BF3-FD00-45F7-9D48-66DA0B84A850}.AppStore|iPhone.ActiveCfg = Release|Any CPU
		{78613BF3-FD00-45F7-9D48-66DA0B84A850}.AppStore|iPhone.Build.0 = Release|Any CPU
		{78613BF3-FD00-45F7-9D48-66DA0B84A850}.AppStore|iPhoneSimulator.ActiveCfg = Release|Any CPU
		{78613BF3-FD00-45F7-9D48-66DA0B84A850}.AppStore|iPhoneSimulator.Build.0 = Release|Any CPU
		{78613BF3-FD00-45F7-9D48-66DA0B84A850}.AppStore|x64.ActiveCfg = Release|Any CPU
		{78613BF3-FD00-45F7-9D48-66DA0B84A850}.AppStore|x64.Build.0 = Release|Any CPU
		{78613BF3-FD00-45F7-9D48-66DA0B84A850}.AppStore|x86.ActiveCfg = Release|Any CPU
		{78613BF3-FD00-45F7-9D48-66DA0B84A850}.AppStore|x86.Build.0 = Release|Any CPU
		{78613BF3-FD00-45F7-9D48-66DA0B84A850}.Debug|Any CPU.ActiveCfg = Debug|Any CPU
		{78613BF3-FD00-45F7-9D48-66DA0B84A850}.Debug|Any CPU.Build.0 = Debug|Any CPU
		{78613BF3-FD00-45F7-9D48-66DA0B84A850}.Debug|ARM.ActiveCfg = Debug|Any CPU
		{78613BF3-FD00-45F7-9D48-66DA0B84A850}.Debug|ARM.Build.0 = Debug|Any CPU
		{78613BF3-FD00-45F7-9D48-66DA0B84A850}.Debug|iPhone.ActiveCfg = Debug|Any CPU
		{78613BF3-FD00-45F7-9D48-66DA0B84A850}.Debug|iPhone.Build.0 = Debug|Any CPU
		{78613BF3-FD00-45F7-9D48-66DA0B84A850}.Debug|iPhoneSimulator.ActiveCfg = Debug|Any CPU
		{78613BF3-FD00-45F7-9D48-66DA0B84A850}.Debug|iPhoneSimulator.Build.0 = Debug|Any CPU
		{78613BF3-FD00-45F7-9D48-66DA0B84A850}.Debug|x64.ActiveCfg = Debug|Any CPU
		{78613BF3-FD00-45F7-9D48-66DA0B84A850}.Debug|x64.Build.0 = Debug|Any CPU
		{78613BF3-FD00-45F7-9D48-66DA0B84A850}.Debug|x86.ActiveCfg = Debug|Any CPU
		{78613BF3-FD00-45F7-9D48-66DA0B84A850}.Debug|x86.Build.0 = Debug|Any CPU
		{78613BF3-FD00-45F7-9D48-66DA0B84A850}.Release|Any CPU.ActiveCfg = Release|Any CPU
		{78613BF3-FD00-45F7-9D48-66DA0B84A850}.Release|Any CPU.Build.0 = Release|Any CPU
		{78613BF3-FD00-45F7-9D48-66DA0B84A850}.Release|ARM.ActiveCfg = Release|Any CPU
		{78613BF3-FD00-45F7-9D48-66DA0B84A850}.Release|ARM.Build.0 = Release|Any CPU
		{78613BF3-FD00-45F7-9D48-66DA0B84A850}.Release|iPhone.ActiveCfg = Release|Any CPU
		{78613BF3-FD00-45F7-9D48-66DA0B84A850}.Release|iPhone.Build.0 = Release|Any CPU
		{78613BF3-FD00-45F7-9D48-66DA0B84A850}.Release|iPhoneSimulator.ActiveCfg = Release|Any CPU
		{78613BF3-FD00-45F7-9D48-66DA0B84A850}.Release|iPhoneSimulator.Build.0 = Release|Any CPU
		{78613BF3-FD00-45F7-9D48-66DA0B84A850}.Release|x64.ActiveCfg = Release|Any CPU
		{78613BF3-FD00-45F7-9D48-66DA0B84A850}.Release|x64.Build.0 = Release|Any CPU
		{78613BF3-FD00-45F7-9D48-66DA0B84A850}.Release|x86.ActiveCfg = Release|Any CPU
		{78613BF3-FD00-45F7-9D48-66DA0B84A850}.Release|x86.Build.0 = Release|Any CPU
		{60CE1F29-CF19-4192-B493-BAACC7C1F418}.Ad-Hoc|Any CPU.ActiveCfg = Release|x86
		{60CE1F29-CF19-4192-B493-BAACC7C1F418}.Ad-Hoc|Any CPU.Build.0 = Release|x86
		{60CE1F29-CF19-4192-B493-BAACC7C1F418}.Ad-Hoc|Any CPU.Deploy.0 = Release|x86
		{60CE1F29-CF19-4192-B493-BAACC7C1F418}.Ad-Hoc|ARM.ActiveCfg = Release|ARM
		{60CE1F29-CF19-4192-B493-BAACC7C1F418}.Ad-Hoc|ARM.Build.0 = Release|ARM
		{60CE1F29-CF19-4192-B493-BAACC7C1F418}.Ad-Hoc|ARM.Deploy.0 = Release|ARM
		{60CE1F29-CF19-4192-B493-BAACC7C1F418}.Ad-Hoc|iPhone.ActiveCfg = Release|x86
		{60CE1F29-CF19-4192-B493-BAACC7C1F418}.Ad-Hoc|iPhone.Build.0 = Release|x86
		{60CE1F29-CF19-4192-B493-BAACC7C1F418}.Ad-Hoc|iPhone.Deploy.0 = Release|x86
		{60CE1F29-CF19-4192-B493-BAACC7C1F418}.Ad-Hoc|iPhoneSimulator.ActiveCfg = Release|x86
		{60CE1F29-CF19-4192-B493-BAACC7C1F418}.Ad-Hoc|iPhoneSimulator.Build.0 = Release|x86
		{60CE1F29-CF19-4192-B493-BAACC7C1F418}.Ad-Hoc|iPhoneSimulator.Deploy.0 = Release|x86
		{60CE1F29-CF19-4192-B493-BAACC7C1F418}.Ad-Hoc|x64.ActiveCfg = Release|x64
		{60CE1F29-CF19-4192-B493-BAACC7C1F418}.Ad-Hoc|x64.Build.0 = Release|x64
		{60CE1F29-CF19-4192-B493-BAACC7C1F418}.Ad-Hoc|x64.Deploy.0 = Release|x64
		{60CE1F29-CF19-4192-B493-BAACC7C1F418}.Ad-Hoc|x86.ActiveCfg = Release|x86
		{60CE1F29-CF19-4192-B493-BAACC7C1F418}.Ad-Hoc|x86.Build.0 = Release|x86
		{60CE1F29-CF19-4192-B493-BAACC7C1F418}.Ad-Hoc|x86.Deploy.0 = Release|x86
		{60CE1F29-CF19-4192-B493-BAACC7C1F418}.AppStore|Any CPU.ActiveCfg = Release|x86
		{60CE1F29-CF19-4192-B493-BAACC7C1F418}.AppStore|Any CPU.Build.0 = Release|x86
		{60CE1F29-CF19-4192-B493-BAACC7C1F418}.AppStore|Any CPU.Deploy.0 = Release|x86
		{60CE1F29-CF19-4192-B493-BAACC7C1F418}.AppStore|ARM.ActiveCfg = Release|ARM
		{60CE1F29-CF19-4192-B493-BAACC7C1F418}.AppStore|ARM.Build.0 = Release|ARM
		{60CE1F29-CF19-4192-B493-BAACC7C1F418}.AppStore|ARM.Deploy.0 = Release|ARM
		{60CE1F29-CF19-4192-B493-BAACC7C1F418}.AppStore|iPhone.ActiveCfg = Release|x86
		{60CE1F29-CF19-4192-B493-BAACC7C1F418}.AppStore|iPhone.Build.0 = Release|x86
		{60CE1F29-CF19-4192-B493-BAACC7C1F418}.AppStore|iPhone.Deploy.0 = Release|x86
		{60CE1F29-CF19-4192-B493-BAACC7C1F418}.AppStore|iPhoneSimulator.ActiveCfg = Release|x86
		{60CE1F29-CF19-4192-B493-BAACC7C1F418}.AppStore|iPhoneSimulator.Build.0 = Release|x86
		{60CE1F29-CF19-4192-B493-BAACC7C1F418}.AppStore|iPhoneSimulator.Deploy.0 = Release|x86
		{60CE1F29-CF19-4192-B493-BAACC7C1F418}.AppStore|x64.ActiveCfg = Release|x64
		{60CE1F29-CF19-4192-B493-BAACC7C1F418}.AppStore|x64.Build.0 = Release|x64
		{60CE1F29-CF19-4192-B493-BAACC7C1F418}.AppStore|x64.Deploy.0 = Release|x64
		{60CE1F29-CF19-4192-B493-BAACC7C1F418}.AppStore|x86.ActiveCfg = Release|x86
		{60CE1F29-CF19-4192-B493-BAACC7C1F418}.AppStore|x86.Build.0 = Release|x86
		{60CE1F29-CF19-4192-B493-BAACC7C1F418}.AppStore|x86.Deploy.0 = Release|x86
		{60CE1F29-CF19-4192-B493-BAACC7C1F418}.Debug|Any CPU.ActiveCfg = Debug|x86
		{60CE1F29-CF19-4192-B493-BAACC7C1F418}.Debug|ARM.ActiveCfg = Debug|ARM
		{60CE1F29-CF19-4192-B493-BAACC7C1F418}.Debug|ARM.Build.0 = Debug|ARM
		{60CE1F29-CF19-4192-B493-BAACC7C1F418}.Debug|ARM.Deploy.0 = Debug|ARM
		{60CE1F29-CF19-4192-B493-BAACC7C1F418}.Debug|iPhone.ActiveCfg = Debug|x86
		{60CE1F29-CF19-4192-B493-BAACC7C1F418}.Debug|iPhoneSimulator.ActiveCfg = Debug|x86
		{60CE1F29-CF19-4192-B493-BAACC7C1F418}.Debug|iPhoneSimulator.Build.0 = Debug|x86
		{60CE1F29-CF19-4192-B493-BAACC7C1F418}.Debug|iPhoneSimulator.Deploy.0 = Debug|x86
		{60CE1F29-CF19-4192-B493-BAACC7C1F418}.Debug|x64.ActiveCfg = Debug|x64
		{60CE1F29-CF19-4192-B493-BAACC7C1F418}.Debug|x64.Build.0 = Debug|x64
		{60CE1F29-CF19-4192-B493-BAACC7C1F418}.Debug|x64.Deploy.0 = Debug|x64
		{60CE1F29-CF19-4192-B493-BAACC7C1F418}.Debug|x86.ActiveCfg = Debug|x86
		{60CE1F29-CF19-4192-B493-BAACC7C1F418}.Debug|x86.Build.0 = Debug|x86
		{60CE1F29-CF19-4192-B493-BAACC7C1F418}.Debug|x86.Deploy.0 = Debug|x86
		{60CE1F29-CF19-4192-B493-BAACC7C1F418}.Release|Any CPU.ActiveCfg = Release|x86
		{60CE1F29-CF19-4192-B493-BAACC7C1F418}.Release|ARM.ActiveCfg = Release|ARM
		{60CE1F29-CF19-4192-B493-BAACC7C1F418}.Release|ARM.Build.0 = Release|ARM
		{60CE1F29-CF19-4192-B493-BAACC7C1F418}.Release|ARM.Deploy.0 = Release|ARM
		{60CE1F29-CF19-4192-B493-BAACC7C1F418}.Release|iPhone.ActiveCfg = Release|x86
		{60CE1F29-CF19-4192-B493-BAACC7C1F418}.Release|iPhoneSimulator.ActiveCfg = Release|x86
		{60CE1F29-CF19-4192-B493-BAACC7C1F418}.Release|x64.ActiveCfg = Release|x64
		{60CE1F29-CF19-4192-B493-BAACC7C1F418}.Release|x64.Build.0 = Release|x64
		{60CE1F29-CF19-4192-B493-BAACC7C1F418}.Release|x64.Deploy.0 = Release|x64
		{60CE1F29-CF19-4192-B493-BAACC7C1F418}.Release|x86.ActiveCfg = Release|x86
		{60CE1F29-CF19-4192-B493-BAACC7C1F418}.Release|x86.Build.0 = Release|x86
		{60CE1F29-CF19-4192-B493-BAACC7C1F418}.Release|x86.Deploy.0 = Release|x86
		{E3252CF4-650D-4F9B-9DD9-CB0193500FC8}.Ad-Hoc|Any CPU.ActiveCfg = Ad-Hoc|iPhone
		{E3252CF4-650D-4F9B-9DD9-CB0193500FC8}.Ad-Hoc|ARM.ActiveCfg = Ad-Hoc|iPhone
		{E3252CF4-650D-4F9B-9DD9-CB0193500FC8}.Ad-Hoc|iPhone.ActiveCfg = Ad-Hoc|iPhone
		{E3252CF4-650D-4F9B-9DD9-CB0193500FC8}.Ad-Hoc|iPhone.Build.0 = Ad-Hoc|iPhone
		{E3252CF4-650D-4F9B-9DD9-CB0193500FC8}.Ad-Hoc|iPhoneSimulator.ActiveCfg = Ad-Hoc|iPhoneSimulator
		{E3252CF4-650D-4F9B-9DD9-CB0193500FC8}.Ad-Hoc|iPhoneSimulator.Build.0 = Ad-Hoc|iPhoneSimulator
		{E3252CF4-650D-4F9B-9DD9-CB0193500FC8}.Ad-Hoc|x64.ActiveCfg = Ad-Hoc|iPhone
		{E3252CF4-650D-4F9B-9DD9-CB0193500FC8}.Ad-Hoc|x86.ActiveCfg = Ad-Hoc|iPhone
		{E3252CF4-650D-4F9B-9DD9-CB0193500FC8}.AppStore|Any CPU.ActiveCfg = AppStore|iPhone
		{E3252CF4-650D-4F9B-9DD9-CB0193500FC8}.AppStore|ARM.ActiveCfg = AppStore|iPhone
		{E3252CF4-650D-4F9B-9DD9-CB0193500FC8}.AppStore|iPhone.ActiveCfg = AppStore|iPhone
		{E3252CF4-650D-4F9B-9DD9-CB0193500FC8}.AppStore|iPhone.Build.0 = AppStore|iPhone
		{E3252CF4-650D-4F9B-9DD9-CB0193500FC8}.AppStore|iPhoneSimulator.ActiveCfg = AppStore|iPhoneSimulator
		{E3252CF4-650D-4F9B-9DD9-CB0193500FC8}.AppStore|iPhoneSimulator.Build.0 = AppStore|iPhoneSimulator
		{E3252CF4-650D-4F9B-9DD9-CB0193500FC8}.AppStore|x64.ActiveCfg = AppStore|iPhone
		{E3252CF4-650D-4F9B-9DD9-CB0193500FC8}.AppStore|x86.ActiveCfg = AppStore|iPhone
		{E3252CF4-650D-4F9B-9DD9-CB0193500FC8}.Debug|Any CPU.ActiveCfg = Debug|iPhone
		{E3252CF4-650D-4F9B-9DD9-CB0193500FC8}.Debug|ARM.ActiveCfg = Debug|iPhone
		{E3252CF4-650D-4F9B-9DD9-CB0193500FC8}.Debug|iPhone.ActiveCfg = Debug|iPhone
		{E3252CF4-650D-4F9B-9DD9-CB0193500FC8}.Debug|iPhone.Build.0 = Debug|iPhone
		{E3252CF4-650D-4F9B-9DD9-CB0193500FC8}.Debug|iPhoneSimulator.ActiveCfg = Debug|iPhoneSimulator
		{E3252CF4-650D-4F9B-9DD9-CB0193500FC8}.Debug|iPhoneSimulator.Build.0 = Debug|iPhoneSimulator
		{E3252CF4-650D-4F9B-9DD9-CB0193500FC8}.Debug|x64.ActiveCfg = Debug|iPhone
		{E3252CF4-650D-4F9B-9DD9-CB0193500FC8}.Debug|x86.ActiveCfg = Debug|iPhone
		{E3252CF4-650D-4F9B-9DD9-CB0193500FC8}.Release|Any CPU.ActiveCfg = Release|iPhone
		{E3252CF4-650D-4F9B-9DD9-CB0193500FC8}.Release|ARM.ActiveCfg = Release|iPhone
		{E3252CF4-650D-4F9B-9DD9-CB0193500FC8}.Release|iPhone.ActiveCfg = Release|iPhone
		{E3252CF4-650D-4F9B-9DD9-CB0193500FC8}.Release|iPhone.Build.0 = Release|iPhone
		{E3252CF4-650D-4F9B-9DD9-CB0193500FC8}.Release|iPhoneSimulator.ActiveCfg = Release|iPhoneSimulator
		{E3252CF4-650D-4F9B-9DD9-CB0193500FC8}.Release|iPhoneSimulator.Build.0 = Release|iPhoneSimulator
		{E3252CF4-650D-4F9B-9DD9-CB0193500FC8}.Release|x64.ActiveCfg = Release|iPhone
		{E3252CF4-650D-4F9B-9DD9-CB0193500FC8}.Release|x86.ActiveCfg = Release|iPhone
	EndGlobalSection
	GlobalSection(SolutionProperties) = preSolution
		HideSolutionNode = FALSE
	EndGlobalSection
EndGlobal
